<?xml version="1.0" encoding="utf-8"?>
<Project ToolsVersion="4.0" xmlns="http://schemas.microsoft.com/developer/msbuild/2003">
  <ItemGroup>
    <Filter Include="Source Files">
      <UniqueIdentifier>{4FC737F1-C7A5-4376-A066-2A32D752A2FF}</UniqueIdentifier>
      <Extensions>cpp;c;cc;cxx;c++;cppm;ixx;def;odl;idl;hpj;bat;asm;asmx</Extensions>
    </Filter>
    <Filter Include="Header Files">
      <UniqueIdentifier>{93995380-89BD-4b04-88EB-625FBE52EBFB}</UniqueIdentifier>
      <Extensions>h;hh;hpp;hxx;h++;hm;inl;inc;ipp;xsd</Extensions>
    </Filter>
    <Filter Include="Resource Files">
      <UniqueIdentifier>{67DA6AB6-F800-4c08-8B7A-83BB121AAD01}</UniqueIdentifier>
      <Extensions>rc;ico;cur;bmp;dlg;rc2;rct;bin;rgs;gif;jpg;jpeg;jpe;resx;tiff;tif;png;wav;mfcribbon-ms</Extensions>
    </Filter>
  </ItemGroup>
  <ItemGroup>
    <ClCompile Include="cpmdate.cpp">
      <Filter>Source Files</Filter>
    </ClCompile>
    <ClCompile Include="Gas_Ex_Species_param.cpp">
      <Filter>Source Files</Filter>
    </ClCompile>
    <ClCompile Include="gas_exchange.cpp">
      <Filter>Source Files</Filter>
    </ClCompile>
    <ClCompile Include="initinfo.cpp">
      <Filter>Source Files</Filter>
    </ClCompile>
    <ClCompile Include="radtrans.cpp">
      <Filter>Source Files</Filter>
    </ClCompile>
    <ClCompile Include="solar.cpp">
      <Filter>Source Files</Filter>
    </ClCompile>
    <ClCompile Include="stdafx.cpp">
      <Filter>Source Files</Filter>
    </ClCompile>
    <ClCompile Include="timer.cpp">
      <Filter>Source Files</Filter>
    </ClCompile>
    <ClCompile Include="weather.cpp">
      <Filter>Source Files</Filter>
    </ClCompile>
    <ClCompile Include="WheatDevelopment.cpp">
      <Filter>Source Files</Filter>
    </ClCompile>
    <ClCompile Include="WheatThermalTime.cpp">
      <Filter>Source Files</Filter>
    </ClCompile>
    <ClCompile Include="WheatLeaf.cpp">
      <Filter>Source Files</Filter>
    </ClCompile>
    <ClCompile Include="WheatInternode.cpp">
      <Filter>Source Files</Filter>
    </ClCompile>
    <ClCompile Include="WheatChaff.cpp">
      <Filter>Source Files</Filter>
    </ClCompile>
    <ClCompile Include="WheatRachis.cpp">
      <Filter>Source Files</Filter>
    </ClCompile>
    <ClCompile Include="WheatSpikelet.cpp">
      <Filter>Source Files</Filter>
    </ClCompile>
    <ClCompile Include="WheatPlant.cpp">
      <Filter>Source Files</Filter>
    </ClCompile>
    <ClCompile Include="WheatController.cpp">
      <Filter>Source Files</Filter>
    </ClCompile>
    <ClCompile Include="WheatCrop.cpp">
      <Filter>Source Files</Filter>
    </ClCompile>
    <ClCompile Include="WheatTiller.cpp">
      <Filter>Source Files</Filter>
    </ClCompile>
    <ClCompile Include="WheatOrganDataFrame.cpp">
      <Filter>Source Files</Filter>
    </ClCompile>
  </ItemGroup>
  <ItemGroup>
    <ClInclude Include="cpmdate.h">
      <Filter>Header Files</Filter>
    </ClInclude>
    <ClInclude Include="Gas_Ex_Species_param.h">
      <Filter>Header Files</Filter>
    </ClInclude>
    <ClInclude Include="gas_exchange.h">
      <Filter>Header Files</Filter>
    </ClInclude>
    <ClInclude Include="initinfo.h">
      <Filter>Header Files</Filter>
    </ClInclude>
    <ClInclude Include="radtrans.h">
      <Filter>Header Files</Filter>
    </ClInclude>
    <ClInclude Include="solar.h">
      <Filter>Header Files</Filter>
    </ClInclude>
    <ClInclude Include="stdafx.h">
      <Filter>Header Files</Filter>
    </ClInclude>
    <ClInclude Include="timer.h">
      <Filter>Header Files</Filter>
    </ClInclude>
    <ClInclude Include="weather.h">
      <Filter>Header Files</Filter>
    </ClInclude>
    <ClInclude Include="WheatDevelopment.h">
      <Filter>Header Files</Filter>
    </ClInclude>
    <ClInclude Include="WheatThermalTime.h">
      <Filter>Header Files</Filter>
    </ClInclude>
    <ClInclude Include="WheatLeaf.h">
      <Filter>Header Files</Filter>
    </ClInclude>
    <ClInclude Include="WheatInternode.h">
      <Filter>Header Files</Filter>
    </ClInclude>
    <ClInclude Include="WheatChaff.h">
      <Filter>Header Files</Filter>
    </ClInclude>
    <ClInclude Include="WheatRachis.h">
      <Filter>Header Files</Filter>
    </ClInclude>
    <ClInclude Include="WheatSpikelet.h">
      <Filter>Header Files</Filter>
    </ClInclude>
    <ClInclude Include="WheatPlant.h">
      <Filter>Header Files</Filter>
    </ClInclude>
    <ClInclude Include="WheatController.h">
      <Filter>Header Files</Filter>
    </ClInclude>
    <ClInclude Include="WheatCrop.h">
      <Filter>Header Files</Filter>
    </ClInclude>
    <ClInclude Include="WheatTiller.h">
      <Filter>Header Files</Filter>
    </ClInclude>
    <ClInclude Include="WheatOrganDataFrame.h">
      <Filter>Header Files</Filter>
    </ClInclude>
  </ItemGroup>
</Project>